
Microsoft Visual Studio Solution File, Format Version 12.00
# Visual Studio Version 16
VisualStudioVersion = 16.0.32106.194
MinimumVisualStudioVersion = 10.0.40219.1
Project("{FAE04EC0-301F-11D3-BF4B-00C04F79EFBC}") = "CodeFood_API.Asnan", "CodeFood_API.Asnan.csproj", "{F4958C37-693F-4F94-B981-D08F7ACE342B}"
EndProject
Global
	GlobalSection(SolutionConfigurationPlatforms) = preSolution
		Debug|Any CPU = Debug|Any CPU
		Release|Any CPU = Release|Any CPU
	EndGlobalSection
	GlobalSection(ProjectConfigurationPlatforms) = postSolution
		{F4958C37-693F-4F94-B981-D08F7ACE342B}.Debug|Any CPU.ActiveCfg = Debug|Any CPU
		{F4958C37-693F-4F94-B981-D08F7ACE342B}.Debug|Any CPU.Build.0 = Debug|Any CPU
		{F4958C37-693F-4F94-B981-D08F7ACE342B}.Release|Any CPU.ActiveCfg = Release|Any CPU
		{F4958C37-693F-4F94-B981-D08F7ACE342B}.Release|Any CPU.Build.0 = Release|Any CPU
	EndGlobalSection
	GlobalSection(SolutionProperties) = preSolution
		HideSolutionNode = FALSE
	EndGlobalSection
	GlobalSection(ExtensibilityGlobals) = postSolution
		SolutionGuid = {7995B7AC-2BEA-4485-B84F-0F4C3A2866DB}
	EndGlobalSection
EndGlobal
